// !$*UTF8*$!
{
	archiveVersion = 1;
	classes = {
	};
	objectVersion = 55;
	objects = {

/* Begin PBXBuildFile section */
		903736F027A581250004E802 /* LoginView.swift in Sources */ = {isa = PBXBuildFile; fileRef = 903736EF27A581250004E802 /* LoginView.swift */; };
		903736F727A586EC0004E802 /* WorkshopView.swift in Sources */ = {isa = PBXBuildFile; fileRef = 903736F627A586EC0004E802 /* WorkshopView.swift */; };
		905FBBAB27BFD6E70019E619 /* TokenStorage.swift in Sources */ = {isa = PBXBuildFile; fileRef = 905FBBAA27BFD6E70019E619 /* TokenStorage.swift */; };
		905FBBAE27BFD73D0019E619 /* SwiftKeychainWrapper in Frameworks */ = {isa = PBXBuildFile; productRef = 905FBBAD27BFD73D0019E619 /* SwiftKeychainWrapper */; };
		905FBBB027BFDAD70019E619 /* ApiConfiguration.swift in Sources */ = {isa = PBXBuildFile; fileRef = 905FBBAF27BFDAD70019E619 /* ApiConfiguration.swift */; };
		905FBBB427BFDBE90019E619 /* ConfigurationLoader.swift in Sources */ = {isa = PBXBuildFile; fileRef = 905FBBB327BFDBE90019E619 /* ConfigurationLoader.swift */; };
		905FBBB627BFDC4F0019E619 /* app.config.json in Resources */ = {isa = PBXBuildFile; fileRef = 905FBBB527BFDC4F0019E619 /* app.config.json */; };
		905FBBB927BFDCB40019E619 /* ErrorCodes.swift in Sources */ = {isa = PBXBuildFile; fileRef = 905FBBB827BFDCB40019E619 /* ErrorCodes.swift */; };
		905FBBBB27BFDCC80019E619 /* ErrorConsoleReporter.swift in Sources */ = {isa = PBXBuildFile; fileRef = 905FBBBA27BFDCC80019E619 /* ErrorConsoleReporter.swift */; };
		905FBBBD27BFDCE20019E619 /* ErrorFormatter.swift in Sources */ = {isa = PBXBuildFile; fileRef = 905FBBBC27BFDCE20019E619 /* ErrorFormatter.swift */; };
		905FBBBF27BFDCF60019E619 /* ErrorFactory.swift in Sources */ = {isa = PBXBuildFile; fileRef = 905FBBBE27BFDCF60019E619 /* ErrorFactory.swift */; };
		905FBBC127BFDD060019E619 /* ErrorLine.swift in Sources */ = {isa = PBXBuildFile; fileRef = 905FBBC027BFDD060019E619 /* ErrorLine.swift */; };
		905FBBC327BFDD160019E619 /* UIError.swift in Sources */ = {isa = PBXBuildFile; fileRef = 905FBBC227BFDD160019E619 /* UIError.swift */; };
		90D7980427BBAF7B002DF0D8 /* SwiftCoroutine in Frameworks */ = {isa = PBXBuildFile; productRef = 90D7980327BBAF7B002DF0D8 /* SwiftCoroutine */; };
		90D7980827BBB000002DF0D8 /* Authenticator.swift in Sources */ = {isa = PBXBuildFile; fileRef = 90D7980727BBAFFF002DF0D8 /* Authenticator.swift */; };
		90D7980A27BBB00D002DF0D8 /* AuthenticatorImpl.swift in Sources */ = {isa = PBXBuildFile; fileRef = 90D7980927BBB00D002DF0D8 /* AuthenticatorImpl.swift */; };
		90D7980C27BBB056002DF0D8 /* Configuration.swift in Sources */ = {isa = PBXBuildFile; fileRef = 90D7980B27BBB056002DF0D8 /* Configuration.swift */; };
		90E7788627BBA827005C6FFC /* ApiClient.swift in Sources */ = {isa = PBXBuildFile; fileRef = 90E7788527BBA827005C6FFC /* ApiClient.swift */; };
		90F7C5C627A53D6600FFB9A3 /* StorelyApp.swift in Sources */ = {isa = PBXBuildFile; fileRef = 90F7C5C527A53D6600FFB9A3 /* StorelyApp.swift */; };
		90F7C5C827A53D6600FFB9A3 /* ContentView.swift in Sources */ = {isa = PBXBuildFile; fileRef = 90F7C5C727A53D6600FFB9A3 /* ContentView.swift */; };
		90F7C5CA27A53D6700FFB9A3 /* Assets.xcassets in Resources */ = {isa = PBXBuildFile; fileRef = 90F7C5C927A53D6700FFB9A3 /* Assets.xcassets */; };
		90F7C5CD27A53D6700FFB9A3 /* Preview Assets.xcassets in Resources */ = {isa = PBXBuildFile; fileRef = 90F7C5CC27A53D6700FFB9A3 /* Preview Assets.xcassets */; };
		90F7C5D727A53D6700FFB9A3 /* StorelyTests.swift in Sources */ = {isa = PBXBuildFile; fileRef = 90F7C5D627A53D6700FFB9A3 /* StorelyTests.swift */; };
		90F7C5E127A53D6700FFB9A3 /* StorelyUITests.swift in Sources */ = {isa = PBXBuildFile; fileRef = 90F7C5E027A53D6700FFB9A3 /* StorelyUITests.swift */; };
		90F7C5E327A53D6700FFB9A3 /* StorelyUITestsLaunchTests.swift in Sources */ = {isa = PBXBuildFile; fileRef = 90F7C5E227A53D6700FFB9A3 /* StorelyUITestsLaunchTests.swift */; };
/* End PBXBuildFile section */

/* Begin PBXContainerItemProxy section */
		90F7C5D327A53D6700FFB9A3 /* PBXContainerItemProxy */ = {
			isa = PBXContainerItemProxy;
			containerPortal = 90F7C5BA27A53D6600FFB9A3 /* Project object */;
			proxyType = 1;
			remoteGlobalIDString = 90F7C5C127A53D6600FFB9A3;
			remoteInfo = Storely;
		};
		90F7C5DD27A53D6700FFB9A3 /* PBXContainerItemProxy */ = {
			isa = PBXContainerItemProxy;
			containerPortal = 90F7C5BA27A53D6600FFB9A3 /* Project object */;
			proxyType = 1;
			remoteGlobalIDString = 90F7C5C127A53D6600FFB9A3;
			remoteInfo = Storely;
		};
/* End PBXContainerItemProxy section */

/* Begin PBXFileReference section */
		903736EF27A581250004E802 /* LoginView.swift */ = {isa = PBXFileReference; lastKnownFileType = sourcecode.swift; path = LoginView.swift; sourceTree = "<group>"; };
		903736F627A586EC0004E802 /* WorkshopView.swift */ = {isa = PBXFileReference; lastKnownFileType = sourcecode.swift; path = WorkshopView.swift; sourceTree = "<group>"; };
		905FBBAA27BFD6E70019E619 /* TokenStorage.swift */ = {isa = PBXFileReference; lastKnownFileType = sourcecode.swift; path = TokenStorage.swift; sourceTree = "<group>"; };
		905FBBAF27BFDAD70019E619 /* ApiConfiguration.swift */ = {isa = PBXFileReference; lastKnownFileType = sourcecode.swift; path = ApiConfiguration.swift; sourceTree = "<group>"; };
		905FBBB327BFDBE90019E619 /* ConfigurationLoader.swift */ = {isa = PBXFileReference; lastKnownFileType = sourcecode.swift; path = ConfigurationLoader.swift; sourceTree = "<group>"; };
		905FBBB527BFDC4F0019E619 /* app.config.json */ = {isa = PBXFileReference; lastKnownFileType = text.json; path = app.config.json; sourceTree = "<group>"; };
		905FBBB827BFDCB40019E619 /* ErrorCodes.swift */ = {isa = PBXFileReference; lastKnownFileType = sourcecode.swift; path = ErrorCodes.swift; sourceTree = "<group>"; };
		905FBBBA27BFDCC80019E619 /* ErrorConsoleReporter.swift */ = {isa = PBXFileReference; lastKnownFileType = sourcecode.swift; path = ErrorConsoleReporter.swift; sourceTree = "<group>"; };
		905FBBBC27BFDCE20019E619 /* ErrorFormatter.swift */ = {isa = PBXFileReference; lastKnownFileType = sourcecode.swift; path = ErrorFormatter.swift; sourceTree = "<group>"; };
		905FBBBE27BFDCF60019E619 /* ErrorFactory.swift */ = {isa = PBXFileReference; lastKnownFileType = sourcecode.swift; path = ErrorFactory.swift; sourceTree = "<group>"; };
		905FBBC027BFDD060019E619 /* ErrorLine.swift */ = {isa = PBXFileReference; lastKnownFileType = sourcecode.swift; path = ErrorLine.swift; sourceTree = "<group>"; };
		905FBBC227BFDD160019E619 /* UIError.swift */ = {isa = PBXFileReference; lastKnownFileType = sourcecode.swift; path = UIError.swift; sourceTree = "<group>"; };
		90D7980727BBAFFF002DF0D8 /* Authenticator.swift */ = {isa = PBXFileReference; lastKnownFileType = sourcecode.swift; path = Authenticator.swift; sourceTree = "<group>"; };
		90D7980927BBB00D002DF0D8 /* AuthenticatorImpl.swift */ = {isa = PBXFileReference; lastKnownFileType = sourcecode.swift; path = AuthenticatorImpl.swift; sourceTree = "<group>"; };
		90D7980B27BBB056002DF0D8 /* Configuration.swift */ = {isa = PBXFileReference; lastKnownFileType = sourcecode.swift; path = Configuration.swift; sourceTree = "<group>"; };
		90E7788527BBA827005C6FFC /* ApiClient.swift */ = {isa = PBXFileReference; lastKnownFileType = sourcecode.swift; path = ApiClient.swift; sourceTree = "<group>"; };
		90F7C5C227A53D6600FFB9A3 /* Storely.app */ = {isa = PBXFileReference; explicitFileType = wrapper.application; includeInIndex = 0; path = Storely.app; sourceTree = BUILT_PRODUCTS_DIR; };
		90F7C5C527A53D6600FFB9A3 /* StorelyApp.swift */ = {isa = PBXFileReference; lastKnownFileType = sourcecode.swift; path = StorelyApp.swift; sourceTree = "<group>"; };
		90F7C5C727A53D6600FFB9A3 /* ContentView.swift */ = {isa = PBXFileReference; lastKnownFileType = sourcecode.swift; path = ContentView.swift; sourceTree = "<group>"; };
		90F7C5C927A53D6700FFB9A3 /* Assets.xcassets */ = {isa = PBXFileReference; lastKnownFileType = folder.assetcatalog; path = Assets.xcassets; sourceTree = "<group>"; };
		90F7C5CC27A53D6700FFB9A3 /* Preview Assets.xcassets */ = {isa = PBXFileReference; lastKnownFileType = folder.assetcatalog; path = "Preview Assets.xcassets"; sourceTree = "<group>"; };
		90F7C5D227A53D6700FFB9A3 /* StorelyTests.xctest */ = {isa = PBXFileReference; explicitFileType = wrapper.cfbundle; includeInIndex = 0; path = StorelyTests.xctest; sourceTree = BUILT_PRODUCTS_DIR; };
		90F7C5D627A53D6700FFB9A3 /* StorelyTests.swift */ = {isa = PBXFileReference; lastKnownFileType = sourcecode.swift; path = StorelyTests.swift; sourceTree = "<group>"; };
		90F7C5DC27A53D6700FFB9A3 /* StorelyUITests.xctest */ = {isa = PBXFileReference; explicitFileType = wrapper.cfbundle; includeInIndex = 0; path = StorelyUITests.xctest; sourceTree = BUILT_PRODUCTS_DIR; };
		90F7C5E027A53D6700FFB9A3 /* StorelyUITests.swift */ = {isa = PBXFileReference; lastKnownFileType = sourcecode.swift; path = StorelyUITests.swift; sourceTree = "<group>"; };
		90F7C5E227A53D6700FFB9A3 /* StorelyUITestsLaunchTests.swift */ = {isa = PBXFileReference; lastKnownFileType = sourcecode.swift; path = StorelyUITestsLaunchTests.swift; sourceTree = "<group>"; };
/* End PBXFileReference section */

/* Begin PBXFrameworksBuildPhase section */
		90F7C5BF27A53D6600FFB9A3 /* Frameworks */ = {
			isa = PBXFrameworksBuildPhase;
			buildActionMask = 2147483647;
			files = (
				905FBBAE27BFD73D0019E619 /* SwiftKeychainWrapper in Frameworks */,
				90D7980427BBAF7B002DF0D8 /* SwiftCoroutine in Frameworks */,
			);
			runOnlyForDeploymentPostprocessing = 0;
		};
		90F7C5CF27A53D6700FFB9A3 /* Frameworks */ = {
			isa = PBXFrameworksBuildPhase;
			buildActionMask = 2147483647;
			files = (
			);
			runOnlyForDeploymentPostprocessing = 0;
		};
		90F7C5D927A53D6700FFB9A3 /* Frameworks */ = {
			isa = PBXFrameworksBuildPhase;
			buildActionMask = 2147483647;
			files = (
			);
			runOnlyForDeploymentPostprocessing = 0;
		};
/* End PBXFrameworksBuildPhase section */

/* Begin PBXGroup section */
		903736F327A586290004E802 /* Workshop */ = {
			isa = PBXGroup;
			children = (
				903736F627A586EC0004E802 /* WorkshopView.swift */,
			);
			path = Workshop;
			sourceTree = "<group>";
		};
		903736F427A586380004E802 /* Settings */ = {
			isa = PBXGroup;
			children = (
			);
			path = Settings;
			sourceTree = "<group>";
		};
		903736F527A5863F0004E802 /* Rental */ = {
			isa = PBXGroup;
			children = (
			);
			path = Rental;
			sourceTree = "<group>";
		};
		905FBBB727BFDC900019E619 /* Errors */ = {
			isa = PBXGroup;
			children = (
				905FBBB827BFDCB40019E619 /* ErrorCodes.swift */,
				905FBBBA27BFDCC80019E619 /* ErrorConsoleReporter.swift */,
				905FBBBC27BFDCE20019E619 /* ErrorFormatter.swift */,
				905FBBBE27BFDCF60019E619 /* ErrorFactory.swift */,
				905FBBC027BFDD060019E619 /* ErrorLine.swift */,
				905FBBC227BFDD160019E619 /* UIError.swift */,
			);
			path = Errors;
			sourceTree = "<group>";
		};
		90D7980527BBAFAD002DF0D8 /* Configuration */ = {
			isa = PBXGroup;
			children = (
				90D7980B27BBB056002DF0D8 /* Configuration.swift */,
				905FBBAF27BFDAD70019E619 /* ApiConfiguration.swift */,
				905FBBB327BFDBE90019E619 /* ConfigurationLoader.swift */,
			);
			path = Configuration;
			sourceTree = "<group>";
		};
		90D7980627BBAFD8002DF0D8 /* Auth */ = {
			isa = PBXGroup;
			children = (
				90D7980727BBAFFF002DF0D8 /* Authenticator.swift */,
				90D7980927BBB00D002DF0D8 /* AuthenticatorImpl.swift */,
				905FBBAA27BFD6E70019E619 /* TokenStorage.swift */,
			);
			path = Auth;
			sourceTree = "<group>";
		};
		90E7788127BBA7C9005C6FFC /* Api */ = {
			isa = PBXGroup;
			children = (
				90E7788427BBA813005C6FFC /* Entities */,
				90E7788227BBA7D3005C6FFC /* Client */,
			);
			path = Api;
			sourceTree = "<group>";
		};
		90E7788227BBA7D3005C6FFC /* Client */ = {
			isa = PBXGroup;
			children = (
				90E7788527BBA827005C6FFC /* ApiClient.swift */,
			);
			path = Client;
			sourceTree = "<group>";
		};
		90E7788427BBA813005C6FFC /* Entities */ = {
			isa = PBXGroup;
			children = (
			);
			path = Entities;
			sourceTree = "<group>";
		};
		90F7C5B927A53D6600FFB9A3 = {
			isa = PBXGroup;
			children = (
				90F7C5C427A53D6600FFB9A3 /* Storely */,
				90F7C5D527A53D6700FFB9A3 /* StorelyTests */,
				90F7C5DF27A53D6700FFB9A3 /* StorelyUITests */,
				90F7C5C327A53D6600FFB9A3 /* Products */,
			);
			sourceTree = "<group>";
		};
		90F7C5C327A53D6600FFB9A3 /* Products */ = {
			isa = PBXGroup;
			children = (
				90F7C5C227A53D6600FFB9A3 /* Storely.app */,
				90F7C5D227A53D6700FFB9A3 /* StorelyTests.xctest */,
				90F7C5DC27A53D6700FFB9A3 /* StorelyUITests.xctest */,
			);
			name = Products;
			sourceTree = "<group>";
		};
		90F7C5C427A53D6600FFB9A3 /* Storely */ = {
			isa = PBXGroup;
			children = (
				905FBBB727BFDC900019E619 /* Errors */,
				90D7980627BBAFD8002DF0D8 /* Auth */,
				90D7980527BBAFAD002DF0D8 /* Configuration */,
				90E7788127BBA7C9005C6FFC /* Api */,
				90F7C5C527A53D6600FFB9A3 /* StorelyApp.swift */,
				90F7C62827A5478B00FFB9A3 /* Views */,
				90F7C5C927A53D6700FFB9A3 /* Assets.xcassets */,
				90F7C5CB27A53D6700FFB9A3 /* Preview Content */,
				905FBBB527BFDC4F0019E619 /* app.config.json */,
			);
			path = Storely;
			sourceTree = "<group>";
		};
		90F7C5CB27A53D6700FFB9A3 /* Preview Content */ = {
			isa = PBXGroup;
			children = (
				90F7C5CC27A53D6700FFB9A3 /* Preview Assets.xcassets */,
			);
			path = "Preview Content";
			sourceTree = "<group>";
		};
		90F7C5D527A53D6700FFB9A3 /* StorelyTests */ = {
			isa = PBXGroup;
			children = (
				90F7C5D627A53D6700FFB9A3 /* StorelyTests.swift */,
			);
			path = StorelyTests;
			sourceTree = "<group>";
		};
		90F7C5DF27A53D6700FFB9A3 /* StorelyUITests */ = {
			isa = PBXGroup;
			children = (
				90F7C5E027A53D6700FFB9A3 /* StorelyUITests.swift */,
				90F7C5E227A53D6700FFB9A3 /* StorelyUITestsLaunchTests.swift */,
			);
			path = StorelyUITests;
			sourceTree = "<group>";
		};
		90F7C62827A5478B00FFB9A3 /* Views */ = {
			isa = PBXGroup;
			children = (
				90F7C5C727A53D6600FFB9A3 /* ContentView.swift */,
				903736EF27A581250004E802 /* LoginView.swift */,
				903736F527A5863F0004E802 /* Rental */,
				903736F427A586380004E802 /* Settings */,
				903736F327A586290004E802 /* Workshop */,
			);
			path = Views;
			sourceTree = "<group>";
		};
/* End PBXGroup section */

/* Begin PBXNativeTarget section */
		90F7C5C127A53D6600FFB9A3 /* Storely */ = {
			isa = PBXNativeTarget;
			buildConfigurationList = 90F7C5E627A53D6700FFB9A3 /* Build configuration list for PBXNativeTarget "Storely" */;
			buildPhases = (
				90F7C5BE27A53D6600FFB9A3 /* Sources */,
				90F7C5BF27A53D6600FFB9A3 /* Frameworks */,
				90F7C5C027A53D6600FFB9A3 /* Resources */,
			);
			buildRules = (
			);
			dependencies = (
			);
			name = Storely;
			packageProductDependencies = (
				90D7980327BBAF7B002DF0D8 /* SwiftCoroutine */,
				905FBBAD27BFD73D0019E619 /* SwiftKeychainWrapper */,
			);
			productName = Storely;
			productReference = 90F7C5C227A53D6600FFB9A3 /* Storely.app */;
			productType = "com.apple.product-type.application";
		};
		90F7C5D127A53D6700FFB9A3 /* StorelyTests */ = {
			isa = PBXNativeTarget;
			buildConfigurationList = 90F7C5E927A53D6700FFB9A3 /* Build configuration list for PBXNativeTarget "StorelyTests" */;
			buildPhases = (
				90F7C5CE27A53D6700FFB9A3 /* Sources */,
				90F7C5CF27A53D6700FFB9A3 /* Frameworks */,
				90F7C5D027A53D6700FFB9A3 /* Resources */,
			);
			buildRules = (
			);
			dependencies = (
				90F7C5D427A53D6700FFB9A3 /* PBXTargetDependency */,
			);
			name = StorelyTests;
			productName = StorelyTests;
			productReference = 90F7C5D227A53D6700FFB9A3 /* StorelyTests.xctest */;
			productType = "com.apple.product-type.bundle.unit-test";
		};
		90F7C5DB27A53D6700FFB9A3 /* StorelyUITests */ = {
			isa = PBXNativeTarget;
			buildConfigurationList = 90F7C5EC27A53D6700FFB9A3 /* Build configuration list for PBXNativeTarget "StorelyUITests" */;
			buildPhases = (
				90F7C5D827A53D6700FFB9A3 /* Sources */,
				90F7C5D927A53D6700FFB9A3 /* Frameworks */,
				90F7C5DA27A53D6700FFB9A3 /* Resources */,
			);
			buildRules = (
			);
			dependencies = (
				90F7C5DE27A53D6700FFB9A3 /* PBXTargetDependency */,
			);
			name = StorelyUITests;
			productName = StorelyUITests;
			productReference = 90F7C5DC27A53D6700FFB9A3 /* StorelyUITests.xctest */;
			productType = "com.apple.product-type.bundle.ui-testing";
		};
/* End PBXNativeTarget section */

/* Begin PBXProject section */
		90F7C5BA27A53D6600FFB9A3 /* Project object */ = {
			isa = PBXProject;
			attributes = {
				BuildIndependentTargetsInParallel = 1;
				LastSwiftUpdateCheck = 1320;
				LastUpgradeCheck = 1320;
				TargetAttributes = {
					90F7C5C127A53D6600FFB9A3 = {
						CreatedOnToolsVersion = 13.2.1;
					};
					90F7C5D127A53D6700FFB9A3 = {
						CreatedOnToolsVersion = 13.2.1;
						TestTargetID = 90F7C5C127A53D6600FFB9A3;
					};
					90F7C5DB27A53D6700FFB9A3 = {
						CreatedOnToolsVersion = 13.2.1;
						TestTargetID = 90F7C5C127A53D6600FFB9A3;
					};
				};
			};
			buildConfigurationList = 90F7C5BD27A53D6600FFB9A3 /* Build configuration list for PBXProject "Storely" */;
			compatibilityVersion = "Xcode 13.0";
			developmentRegion = en;
			hasScannedForEncodings = 0;
			knownRegions = (
				en,
				Base,
			);
			mainGroup = 90F7C5B927A53D6600FFB9A3;
			packageReferences = (
				90D7980227BBAF7B002DF0D8 /* XCRemoteSwiftPackageReference "SwiftCoroutine" */,
				905FBBAC27BFD73D0019E619 /* XCRemoteSwiftPackageReference "SwiftKeychainWrapper" */,
			);
			productRefGroup = 90F7C5C327A53D6600FFB9A3 /* Products */;
			projectDirPath = "";
			projectRoot = "";
			targets = (
				90F7C5C127A53D6600FFB9A3 /* Storely */,
				90F7C5D127A53D6700FFB9A3 /* StorelyTests */,
				90F7C5DB27A53D6700FFB9A3 /* StorelyUITests */,
			);
		};
/* End PBXProject section */

/* Begin PBXResourcesBuildPhase section */
		90F7C5C027A53D6600FFB9A3 /* Resources */ = {
			isa = PBXResourcesBuildPhase;
			buildActionMask = 2147483647;
			files = (
				90F7C5CD27A53D6700FFB9A3 /* Preview Assets.xcassets in Resources */,
				90F7C5CA27A53D6700FFB9A3 /* Assets.xcassets in Resources */,
				905FBBB627BFDC4F0019E619 /* app.config.json in Resources */,
			);
			runOnlyForDeploymentPostprocessing = 0;
		};
		90F7C5D027A53D6700FFB9A3 /* Resources */ = {
			isa = PBXResourcesBuildPhase;
			buildActionMask = 2147483647;
			files = (
			);
			runOnlyForDeploymentPostprocessing = 0;
		};
		90F7C5DA27A53D6700FFB9A3 /* Resources */ = {
			isa = PBXResourcesBuildPhase;
			buildActionMask = 2147483647;
			files = (
			);
			runOnlyForDeploymentPostprocessing = 0;
		};
/* End PBXResourcesBuildPhase section */

/* Begin PBXSourcesBuildPhase section */
		90F7C5BE27A53D6600FFB9A3 /* Sources */ = {
			isa = PBXSourcesBuildPhase;
			buildActionMask = 2147483647;
			files = (
				90F7C5C827A53D6600FFB9A3 /* ContentView.swift in Sources */,
				90D7980827BBB000002DF0D8 /* Authenticator.swift in Sources */,
				905FBBBF27BFDCF60019E619 /* ErrorFactory.swift in Sources */,
				903736F727A586EC0004E802 /* WorkshopView.swift in Sources */,
				905FBBB027BFDAD70019E619 /* ApiConfiguration.swift in Sources */,
				903736F027A581250004E802 /* LoginView.swift in Sources */,
				90F7C5C627A53D6600FFB9A3 /* StorelyApp.swift in Sources */,
				905FBBC327BFDD160019E619 /* UIError.swift in Sources */,
				905FBBBB27BFDCC80019E619 /* ErrorConsoleReporter.swift in Sources */,
				905FBBBD27BFDCE20019E619 /* ErrorFormatter.swift in Sources */,
				90E7788627BBA827005C6FFC /* ApiClient.swift in Sources */,
				905FBBB927BFDCB40019E619 /* ErrorCodes.swift in Sources */,
				90D7980C27BBB056002DF0D8 /* Configuration.swift in Sources */,
				905FBBC127BFDD060019E619 /* ErrorLine.swift in Sources */,
				905FBBAB27BFD6E70019E619 /* TokenStorage.swift in Sources */,
				90D7980A27BBB00D002DF0D8 /* AuthenticatorImpl.swift in Sources */,
				905FBBB427BFDBE90019E619 /* ConfigurationLoader.swift in Sources */,
			);
			runOnlyForDeploymentPostprocessing = 0;
		};
		90F7C5CE27A53D6700FFB9A3 /* Sources */ = {
			isa = PBXSourcesBuildPhase;
			buildActionMask = 2147483647;
			files = (
				90F7C5D727A53D6700FFB9A3 /* StorelyTests.swift in Sources */,
			);
			runOnlyForDeploymentPostprocessing = 0;
		};
		90F7C5D827A53D6700FFB9A3 /* Sources */ = {
			isa = PBXSourcesBuildPhase;
			buildActionMask = 2147483647;
			files = (
				90F7C5E127A53D6700FFB9A3 /* StorelyUITests.swift in Sources */,
				90F7C5E327A53D6700FFB9A3 /* StorelyUITestsLaunchTests.swift in Sources */,
			);
			runOnlyForDeploymentPostprocessing = 0;
		};
/* End PBXSourcesBuildPhase section */

/* Begin PBXTargetDependency section */
		90F7C5D427A53D6700FFB9A3 /* PBXTargetDependency */ = {
			isa = PBXTargetDependency;
			target = 90F7C5C127A53D6600FFB9A3 /* Storely */;
			targetProxy = 90F7C5D327A53D6700FFB9A3 /* PBXContainerItemProxy */;
		};
		90F7C5DE27A53D6700FFB9A3 /* PBXTargetDependency */ = {
			isa = PBXTargetDependency;
			target = 90F7C5C127A53D6600FFB9A3 /* Storely */;
			targetProxy = 90F7C5DD27A53D6700FFB9A3 /* PBXContainerItemProxy */;
		};
/* End PBXTargetDependency section */

/* Begin XCBuildConfiguration section */
		90F7C5E427A53D6700FFB9A3 /* Debug */ = {
			isa = XCBuildConfiguration;
			buildSettings = {
				ALWAYS_SEARCH_USER_PATHS = NO;
				CLANG_ANALYZER_NONNULL = YES;
				CLANG_ANALYZER_NUMBER_OBJECT_CONVERSION = YES_AGGRESSIVE;
				CLANG_CXX_LANGUAGE_STANDARD = "gnu++17";
				CLANG_CXX_LIBRARY = "libc++";
				CLANG_ENABLE_MODULES = YES;
				CLANG_ENABLE_OBJC_ARC = YES;
				CLANG_ENABLE_OBJC_WEAK = YES;
				CLANG_WARN_BLOCK_CAPTURE_AUTORELEASING = YES;
				CLANG_WARN_BOOL_CONVERSION = YES;
				CLANG_WARN_COMMA = YES;
				CLANG_WARN_CONSTANT_CONVERSION = YES;
				CLANG_WARN_DEPRECATED_OBJC_IMPLEMENTATIONS = YES;
				CLANG_WARN_DIRECT_OBJC_ISA_USAGE = YES_ERROR;
				CLANG_WARN_DOCUMENTATION_COMMENTS = YES;
				CLANG_WARN_EMPTY_BODY = YES;
				CLANG_WARN_ENUM_CONVERSION = YES;
				CLANG_WARN_INFINITE_RECURSION = YES;
				CLANG_WARN_INT_CONVERSION = YES;
				CLANG_WARN_NON_LITERAL_NULL_CONVERSION = YES;
				CLANG_WARN_OBJC_IMPLICIT_RETAIN_SELF = YES;
				CLANG_WARN_OBJC_LITERAL_CONVERSION = YES;
				CLANG_WARN_OBJC_ROOT_CLASS = YES_ERROR;
				CLANG_WARN_QUOTED_INCLUDE_IN_FRAMEWORK_HEADER = YES;
				CLANG_WARN_RANGE_LOOP_ANALYSIS = YES;
				CLANG_WARN_STRICT_PROTOTYPES = YES;
				CLANG_WARN_SUSPICIOUS_MOVE = YES;
				CLANG_WARN_UNGUARDED_AVAILABILITY = YES_AGGRESSIVE;
				CLANG_WARN_UNREACHABLE_CODE = YES;
				CLANG_WARN__DUPLICATE_METHOD_MATCH = YES;
				COPY_PHASE_STRIP = NO;
				DEBUG_INFORMATION_FORMAT = dwarf;
				ENABLE_STRICT_OBJC_MSGSEND = YES;
				ENABLE_TESTABILITY = YES;
				GCC_C_LANGUAGE_STANDARD = gnu11;
				GCC_DYNAMIC_NO_PIC = NO;
				GCC_NO_COMMON_BLOCKS = YES;
				GCC_OPTIMIZATION_LEVEL = 0;
				GCC_PREPROCESSOR_DEFINITIONS = (
					"DEBUG=1",
					"$(inherited)",
				);
				GCC_WARN_64_TO_32_BIT_CONVERSION = YES;
				GCC_WARN_ABOUT_RETURN_TYPE = YES_ERROR;
				GCC_WARN_UNDECLARED_SELECTOR = YES;
				GCC_WARN_UNINITIALIZED_AUTOS = YES_AGGRESSIVE;
				GCC_WARN_UNUSED_FUNCTION = YES;
				GCC_WARN_UNUSED_VARIABLE = YES;
				IPHONEOS_DEPLOYMENT_TARGET = 15.2;
				MTL_ENABLE_DEBUG_INFO = INCLUDE_SOURCE;
				MTL_FAST_MATH = YES;
				ONLY_ACTIVE_ARCH = YES;
				SDKROOT = iphoneos;
				SWIFT_ACTIVE_COMPILATION_CONDITIONS = DEBUG;
				SWIFT_OPTIMIZATION_LEVEL = "-Onone";
			};
			name = Debug;
		};
		90F7C5E527A53D6700FFB9A3 /* Release */ = {
			isa = XCBuildConfiguration;
			buildSettings = {
				ALWAYS_SEARCH_USER_PATHS = NO;
				CLANG_ANALYZER_NONNULL = YES;
				CLANG_ANALYZER_NUMBER_OBJECT_CONVERSION = YES_AGGRESSIVE;
				CLANG_CXX_LANGUAGE_STANDARD = "gnu++17";
				CLANG_CXX_LIBRARY = "libc++";
				CLANG_ENABLE_MODULES = YES;
				CLANG_ENABLE_OBJC_ARC = YES;
				CLANG_ENABLE_OBJC_WEAK = YES;
				CLANG_WARN_BLOCK_CAPTURE_AUTORELEASING = YES;
				CLANG_WARN_BOOL_CONVERSION = YES;
				CLANG_WARN_COMMA = YES;
				CLANG_WARN_CONSTANT_CONVERSION = YES;
				CLANG_WARN_DEPRECATED_OBJC_IMPLEMENTATIONS = YES;
				CLANG_WARN_DIRECT_OBJC_ISA_USAGE = YES_ERROR;
				CLANG_WARN_DOCUMENTATION_COMMENTS = YES;
				CLANG_WARN_EMPTY_BODY = YES;
				CLANG_WARN_ENUM_CONVERSION = YES;
				CLANG_WARN_INFINITE_RECURSION = YES;
				CLANG_WARN_INT_CONVERSION = YES;
				CLANG_WARN_NON_LITERAL_NULL_CONVERSION = YES;
				CLANG_WARN_OBJC_IMPLICIT_RETAIN_SELF = YES;
				CLANG_WARN_OBJC_LITERAL_CONVERSION = YES;
				CLANG_WARN_OBJC_ROOT_CLASS = YES_ERROR;
				CLANG_WARN_QUOTED_INCLUDE_IN_FRAMEWORK_HEADER = YES;
				CLANG_WARN_RANGE_LOOP_ANALYSIS = YES;
				CLANG_WARN_STRICT_PROTOTYPES = YES;
				CLANG_WARN_SUSPICIOUS_MOVE = YES;
				CLANG_WARN_UNGUARDED_AVAILABILITY = YES_AGGRESSIVE;
				CLANG_WARN_UNREACHABLE_CODE = YES;
				CLANG_WARN__DUPLICATE_METHOD_MATCH = YES;
				COPY_PHASE_STRIP = NO;
				DEBUG_INFORMATION_FORMAT = "dwarf-with-dsym";
				ENABLE_NS_ASSERTIONS = NO;
				ENABLE_STRICT_OBJC_MSGSEND = YES;
				GCC_C_LANGUAGE_STANDARD = gnu11;
				GCC_NO_COMMON_BLOCKS = YES;
				GCC_WARN_64_TO_32_BIT_CONVERSION = YES;
				GCC_WARN_ABOUT_RETURN_TYPE = YES_ERROR;
				GCC_WARN_UNDECLARED_SELECTOR = YES;
				GCC_WARN_UNINITIALIZED_AUTOS = YES_AGGRESSIVE;
				GCC_WARN_UNUSED_FUNCTION = YES;
				GCC_WARN_UNUSED_VARIABLE = YES;
				IPHONEOS_DEPLOYMENT_TARGET = 15.2;
				MTL_ENABLE_DEBUG_INFO = NO;
				MTL_FAST_MATH = YES;
				SDKROOT = iphoneos;
				SWIFT_COMPILATION_MODE = wholemodule;
				SWIFT_OPTIMIZATION_LEVEL = "-O";
				VALIDATE_PRODUCT = YES;
			};
			name = Release;
		};
		90F7C5E727A53D6700FFB9A3 /* Debug */ = {
			isa = XCBuildConfiguration;
			buildSettings = {
				ASSETCATALOG_COMPILER_APPICON_NAME = AppIcon;
				ASSETCATALOG_COMPILER_GLOBAL_ACCENT_COLOR_NAME = AccentColor;
				CODE_SIGN_STYLE = Automatic;
				CURRENT_PROJECT_VERSION = 1;
				DEVELOPMENT_ASSET_PATHS = "\"Storely/Preview Content\"";
				DEVELOPMENT_TEAM = 5JN7K4AC3F;
				ENABLE_PREVIEWS = YES;
				GENERATE_INFOPLIST_FILE = YES;
				INFOPLIST_KEY_UIApplicationSceneManifest_Generation = YES;
				INFOPLIST_KEY_UIApplicationSupportsIndirectInputEvents = YES;
				INFOPLIST_KEY_UILaunchScreen_Generation = YES;
				INFOPLIST_KEY_UISupportedInterfaceOrientations = UIInterfaceOrientationPortrait;
				INFOPLIST_KEY_UISupportedInterfaceOrientations_iPad = "UIInterfaceOrientationPortrait UIInterfaceOrientationPortraitUpsideDown UIInterfaceOrientationLandscapeLeft UIInterfaceOrientationLandscapeRight";
				INFOPLIST_KEY_UISupportedInterfaceOrientations_iPhone = "UIInterfaceOrientationPortrait UIInterfaceOrientationLandscapeLeft UIInterfaceOrientationLandscapeRight";
				LD_RUNPATH_SEARCH_PATHS = (
					"$(inherited)",
					"@executable_path/Frameworks",
				);
				MARKETING_VERSION = 1.0;
				PRODUCT_BUNDLE_IDENTIFIER = com.org.Storely;
				PRODUCT_NAME = "$(TARGET_NAME)";
				SWIFT_EMIT_LOC_STRINGS = YES;
				SWIFT_VERSION = 5.0;
				TARGETED_DEVICE_FAMILY = 1;
			};
			name = Debug;
		};
		90F7C5E827A53D6700FFB9A3 /* Release */ = {
			isa = XCBuildConfiguration;
			buildSettings = {
				ASSETCATALOG_COMPILER_APPICON_NAME = AppIcon;
				ASSETCATALOG_COMPILER_GLOBAL_ACCENT_COLOR_NAME = AccentColor;
				CODE_SIGN_STYLE = Automatic;
				CURRENT_PROJECT_VERSION = 1;
				DEVELOPMENT_ASSET_PATHS = "\"Storely/Preview Content\"";
				DEVELOPMENT_TEAM = 5JN7K4AC3F;
				ENABLE_PREVIEWS = YES;
				GENERATE_INFOPLIST_FILE = YES;
				INFOPLIST_KEY_UIApplicationSceneManifest_Generation = YES;
				INFOPLIST_KEY_UIApplicationSupportsIndirectInputEvents = YES;
				INFOPLIST_KEY_UILaunchScreen_Generation = YES;
				INFOPLIST_KEY_UISupportedInterfaceOrientations = UIInterfaceOrientationPortrait;
				INFOPLIST_KEY_UISupportedInterfaceOrientations_iPad = "UIInterfaceOrientationPortrait UIInterfaceOrientationPortraitUpsideDown UIInterfaceOrientationLandscapeLeft UIInterfaceOrientationLandscapeRight";
				INFOPLIST_KEY_UISupportedInterfaceOrientations_iPhone = "UIInterfaceOrientationPortrait UIInterfaceOrientationLandscapeLeft UIInterfaceOrientationLandscapeRight";
				LD_RUNPATH_SEARCH_PATHS = (
					"$(inherited)",
					"@executable_path/Frameworks",
				);
				MARKETING_VERSION = 1.0;
				PRODUCT_BUNDLE_IDENTIFIER = com.org.Storely;
				PRODUCT_NAME = "$(TARGET_NAME)";
				SWIFT_EMIT_LOC_STRINGS = YES;
				SWIFT_VERSION = 5.0;
				TARGETED_DEVICE_FAMILY = 1;
			};
			name = Release;
		};
		90F7C5EA27A53D6700FFB9A3 /* Debug */ = {
			isa = XCBuildConfiguration;
			buildSettings = {
				ALWAYS_EMBED_SWIFT_STANDARD_LIBRARIES = YES;
				BUNDLE_LOADER = "$(TEST_HOST)";
				"CODE_SIGN_IDENTITY[sdk=macosx*]" = "Apple Development";
				CODE_SIGN_STYLE = Automatic;
				CURRENT_PROJECT_VERSION = 1;
				DEVELOPMENT_TEAM = 5JN7K4AC3F;
				GENERATE_INFOPLIST_FILE = YES;
				IPHONEOS_DEPLOYMENT_TARGET = 15.2;
				MARKETING_VERSION = 1.0;
				PRODUCT_BUNDLE_IDENTIFIER = com.org.StorelyTests;
				PRODUCT_NAME = "$(TARGET_NAME)";
				SWIFT_EMIT_LOC_STRINGS = NO;
				SWIFT_VERSION = 5.0;
				TARGETED_DEVICE_FAMILY = "1,2";
				TEST_HOST = "$(BUILT_PRODUCTS_DIR)/Storely.app/Storely";
			};
			name = Debug;
		};
		90F7C5EB27A53D6700FFB9A3 /* Release */ = {
			isa = XCBuildConfiguration;
			buildSettings = {
				ALWAYS_EMBED_SWIFT_STANDARD_LIBRARIES = YES;
				BUNDLE_LOADER = "$(TEST_HOST)";
				"CODE_SIGN_IDENTITY[sdk=macosx*]" = "Apple Development";
				CODE_SIGN_STYLE = Automatic;
				CURRENT_PROJECT_VERSION = 1;
				DEVELOPMENT_TEAM = 5JN7K4AC3F;
				GENERATE_INFOPLIST_FILE = YES;
				IPHONEOS_DEPLOYMENT_TARGET = 15.2;
				MARKETING_VERSION = 1.0;
				PRODUCT_BUNDLE_IDENTIFIER = com.org.StorelyTests;
				PRODUCT_NAME = "$(TARGET_NAME)";
				SWIFT_EMIT_LOC_STRINGS = NO;
				SWIFT_VERSION = 5.0;
				TARGETED_DEVICE_FAMILY = "1,2";
				TEST_HOST = "$(BUILT_PRODUCTS_DIR)/Storely.app/Storely";
			};
			name = Release;
		};
		90F7C5ED27A53D6700FFB9A3 /* Debug */ = {
			isa = XCBuildConfiguration;
			buildSettings = {
				ALWAYS_EMBED_SWIFT_STANDARD_LIBRARIES = YES;
				CODE_SIGN_STYLE = Automatic;
				CURRENT_PROJECT_VERSION = 1;
				GENERATE_INFOPLIST_FILE = YES;
				MARKETING_VERSION = 1.0;
				PRODUCT_BUNDLE_IDENTIFIER = com.org.StorelyUITests;
				PRODUCT_NAME = "$(TARGET_NAME)";
				SWIFT_EMIT_LOC_STRINGS = NO;
				SWIFT_VERSION = 5.0;
				TARGETED_DEVICE_FAMILY = "1,2";
				TEST_TARGET_NAME = Storely;
			};
			name = Debug;
		};
		90F7C5EE27A53D6700FFB9A3 /* Release */ = {
			isa = XCBuildConfiguration;
			buildSettings = {
				ALWAYS_EMBED_SWIFT_STANDARD_LIBRARIES = YES;
				CODE_SIGN_STYLE = Automatic;
				CURRENT_PROJECT_VERSION = 1;
				GENERATE_INFOPLIST_FILE = YES;
				MARKETING_VERSION = 1.0;
				PRODUCT_BUNDLE_IDENTIFIER = com.org.StorelyUITests;
				PRODUCT_NAME = "$(TARGET_NAME)";
				SWIFT_EMIT_LOC_STRINGS = NO;
				SWIFT_VERSION = 5.0;
				TARGETED_DEVICE_FAMILY = "1,2";
				TEST_TARGET_NAME = Storely;
			};
			name = Release;
		};
/* End XCBuildConfiguration section */

/* Begin XCConfigurationList section */
		90F7C5BD27A53D6600FFB9A3 /* Build configuration list for PBXProject "Storely" */ = {
			isa = XCConfigurationList;
			buildConfigurations = (
				90F7C5E427A53D6700FFB9A3 /* Debug */,
				90F7C5E527A53D6700FFB9A3 /* Release */,
			);
			defaultConfigurationIsVisible = 0;
			defaultConfigurationName = Release;
		};
		90F7C5E627A53D6700FFB9A3 /* Build configuration list for PBXNativeTarget "Storely" */ = {
			isa = XCConfigurationList;
			buildConfigurations = (
				90F7C5E727A53D6700FFB9A3 /* Debug */,
				90F7C5E827A53D6700FFB9A3 /* Release */,
			);
			defaultConfigurationIsVisible = 0;
			defaultConfigurationName = Release;
		};
		90F7C5E927A53D6700FFB9A3 /* Build configuration list for PBXNativeTarget "StorelyTests" */ = {
			isa = XCConfigurationList;
			buildConfigurations = (
				90F7C5EA27A53D6700FFB9A3 /* Debug */,
				90F7C5EB27A53D6700FFB9A3 /* Release */,
			);
			defaultConfigurationIsVisible = 0;
			defaultConfigurationName = Release;
		};
		90F7C5EC27A53D6700FFB9A3 /* Build configuration list for PBXNativeTarget "StorelyUITests" */ = {
			isa = XCConfigurationList;
			buildConfigurations = (
				90F7C5ED27A53D6700FFB9A3 /* Debug */,
				90F7C5EE27A53D6700FFB9A3 /* Release */,
			);
			defaultConfigurationIsVisible = 0;
			defaultConfigurationName = Release;
		};
/* End XCConfigurationList section */

/* Begin XCRemoteSwiftPackageReference section */
		905FBBAC27BFD73D0019E619 /* XCRemoteSwiftPackageReference "SwiftKeychainWrapper" */ = {
			isa = XCRemoteSwiftPackageReference;
			repositoryURL = "https://github.com/jrendel/SwiftKeychainWrapper";
			requirement = {
				kind = upToNextMajorVersion;
				minimumVersion = 4.0.0;
			};
		};
		90D7980227BBAF7B002DF0D8 /* XCRemoteSwiftPackageReference "SwiftCoroutine" */ = {
			isa = XCRemoteSwiftPackageReference;
			repositoryURL = "https://github.com/belozierov/SwiftCoroutine";
			requirement = {
				kind = upToNextMajorVersion;
				minimumVersion = 2.0.0;
			};
		};
/* End XCRemoteSwiftPackageReference section */

/* Begin XCSwiftPackageProductDependency section */
		905FBBAD27BFD73D0019E619 /* SwiftKeychainWrapper */ = {
			isa = XCSwiftPackageProductDependency;
			package = 905FBBAC27BFD73D0019E619 /* XCRemoteSwiftPackageReference "SwiftKeychainWrapper" */;
			productName = SwiftKeychainWrapper;
		};
		90D7980327BBAF7B002DF0D8 /* SwiftCoroutine */ = {
			isa = XCSwiftPackageProductDependency;
			package = 90D7980227BBAF7B002DF0D8 /* XCRemoteSwiftPackageReference "SwiftCoroutine" */;
			productName = SwiftCoroutine;
		};
/* End XCSwiftPackageProductDependency section */
	};
	rootObject = 90F7C5BA27A53D6600FFB9A3 /* Project object */;
}
